{
  "name": "filemaker-syntax",
  "version": "0.1.0",
  "lockfileVersion": 3,
  "requires": true,
  "packages": {
    "": {
      "name": "filemaker-syntax",
      "version": "0.1.0",
      "dependencies": {
        "vscode-textmate": "^9.2.0"
      },
      "engines": {
        "vscode": "^1.50.0"
      }
    },
    "node_modules/vscode-textmate": {
      "version": "9.2.0",
      "resolved": "https://registry.npmjs.org/vscode-textmate/-/vscode-textmate-9.2.0.tgz",
      "integrity": "sha512-rkvG4SraZQaPSN/5XjwKswdU0OP9MF28QjrYzUBbhb8QyG3ljB1Ky996m++jiI7KdiAP2CkBiQZd9pqEDTClqA=="
    }
  }
}
